
Microsoft Visual Studio Solution File, Format Version 12.00
# Visual Studio Version 16
VisualStudioVersion = 16.0.29509.3
MinimumVisualStudioVersion = 10.0.40219.1
Project("{8BC9CEB8-8B4A-11D0-8D11-00A0C91BC942}") = "Solution", "Solution.vcxproj", "{F00E5F5A-D19B-4890-8695-997D1643DF1F}"
EndProject
Global
	GlobalSection(SolutionConfigurationPlatforms) = preSolution
		Debug|Win32 = Debug|Win32
		Debug|x64 = Debug|x64
		Debug|x86 = Debug|x86
		Release|Win32 = Release|Win32
		Release|x64 = Release|x64
		Release|x86 = Release|x86
	EndGlobalSection
	GlobalSection(ProjectConfigurationPlatforms) = postSolution
		{F00E5F5A-D19B-4890-8695-997D1643DF1F}.Debug|Win32.ActiveCfg = Debug|Win32
		{F00E5F5A-D19B-4890-8695-997D1643DF1F}.Debug|Win32.Build.0 = Debug|Win32
		{F00E5F5A-D19B-4890-8695-997D1643DF1F}.Debug|x64.ActiveCfg = Debug|x64
		{F00E5F5A-D19B-4890-8695-997D1643DF1F}.Debug|x64.Build.0 = Debug|x64
		{F00E5F5A-D19B-4890-8695-997D1643DF1F}.Debug|x86.ActiveCfg = Debug|Win32
		{F00E5F5A-D19B-4890-8695-997D1643DF1F}.Debug|x86.Build.0 = Debug|Win32
		{F00E5F5A-D19B-4890-8695-997D1643DF1F}.Release|Win32.ActiveCfg = Release|Win32
		{F00E5F5A-D19B-4890-8695-997D1643DF1F}.Release|Win32.Build.0 = Release|Win32
		{F00E5F5A-D19B-4890-8695-997D1643DF1F}.Release|x64.ActiveCfg = Release|x64
		{F00E5F5A-D19B-4890-8695-997D1643DF1F}.Release|x64.Build.0 = Release|x64
		{F00E5F5A-D19B-4890-8695-997D1643DF1F}.Release|x86.ActiveCfg = Release|Win32
		{F00E5F5A-D19B-4890-8695-997D1643DF1F}.Release|x86.Build.0 = Release|Win32
	EndGlobalSection
	GlobalSection(SolutionProperties) = preSolution
		HideSolutionNode = FALSE
	EndGlobalSection
	GlobalSection(ExtensibilityGlobals) = postSolution
		SolutionGuid = {27AACB51-26FD-4BFB-9EEE-F13BED0B9F12}
	EndGlobalSection
EndGlobal
